# THIS IS AN AUTOGENERATED FILE. DO NOT EDIT THIS FILE DIRECTLY.
# yarn lockfile v1


esbuild@^0.4.3:
  version "0.4.3"
  resolved "https://registry.yarnpkg.com/esbuild/-/esbuild-0.4.3.tgz#228e108f849128a2b2e64d524235fef58236912b"
  integrity sha512-LKCkYlFZMDsUcUx1r5jmnTrtufBsgCvhtdAk0530RLO83PJo2ke2z/FybFCAzm2LGIpL+Sinhg4nUOA3BSpHjg==
